
Microsoft Visual Studio Solution File, Format Version 12.00
# Visual Studio Version 16
VisualStudioVersion = 16.0.30804.86
MinimumVisualStudioVersion = 10.0.40219.1
Project("{FAE04EC0-301F-11D3-BF4B-00C04F79EFBC}") = "Application", "Application\Application.csproj", "{B517A90A-06EE-4DA8-9916-3D97C3BE562B}"
EndProject
Global
	GlobalSection(SolutionConfigurationPlatforms) = preSolution
		Debug|x64 = Debug|x64
		Release|x64 = Release|x64
	EndGlobalSection
	GlobalSection(ProjectConfigurationPlatforms) = postSolution
		{B517A90A-06EE-4DA8-9916-3D97C3BE562B}.Debug|x64.ActiveCfg = Debug|x64
		{B517A90A-06EE-4DA8-9916-3D97C3BE562B}.Debug|x64.Build.0 = Debug|x64
		{B517A90A-06EE-4DA8-9916-3D97C3BE562B}.Release|x64.ActiveCfg = Release|x64
		{B517A90A-06EE-4DA8-9916-3D97C3BE562B}.Release|x64.Build.0 = Release|x64
	EndGlobalSection
	GlobalSection(SolutionProperties) = preSolution
		HideSolutionNode = FALSE
	EndGlobalSection
	GlobalSection(ExtensibilityGlobals) = postSolution
		SolutionGuid = {3771C50F-25D4-490A-A4EB-45F74732542A}
	EndGlobalSection
EndGlobal
